// !$*UTF8*$!
{
	archiveVersion = 1;
	classes = {
	};
	objectVersion = 48;
	objects = {

/* Begin PBXBuildFile section */
		BC89A0D41FA77F3200C5E3EC /* ResultImageCollectionViewCell.swift in Sources */ = {isa = PBXBuildFile; fileRef = BC89A0D31FA77F3200C5E3EC /* ResultImageCollectionViewCell.swift */; };
		BC89A0D61FA77F3D00C5E3EC /* FilterCollectionViewCell.swift in Sources */ = {isa = PBXBuildFile; fileRef = BC89A0D51FA77F3D00C5E3EC /* FilterCollectionViewCell.swift */; };
		BCC8762E1FA779DA00498755 /* AppDelegate.swift in Sources */ = {isa = PBXBuildFile; fileRef = BCC8762D1FA779DA00498755 /* AppDelegate.swift */; };
		BCC876301FA779DA00498755 /* ViewController.swift in Sources */ = {isa = PBXBuildFile; fileRef = BCC8762F1FA779DA00498755 /* ViewController.swift */; };
		BCC876331FA779DA00498755 /* Main.storyboard in Resources */ = {isa = PBXBuildFile; fileRef = BCC876311FA779DA00498755 /* Main.storyboard */; };
		BCC876351FA779DA00498755 /* Assets.xcassets in Resources */ = {isa = PBXBuildFile; fileRef = BCC876341FA779DA00498755 /* Assets.xcassets */; };
		BCC876381FA779DA00498755 /* LaunchScreen.storyboard in Resources */ = {isa = PBXBuildFile; fileRef = BCC876361FA779DA00498755 /* LaunchScreen.storyboard */; };
/* End PBXBuildFile section */

/* Begin PBXFileReference section */
		BC89A0D31FA77F3200C5E3EC /* ResultImageCollectionViewCell.swift */ = {isa = PBXFileReference; lastKnownFileType = sourcecode.swift; path = ResultImageCollectionViewCell.swift; sourceTree = "<group>"; };
		BC89A0D51FA77F3D00C5E3EC /* FilterCollectionViewCell.swift */ = {isa = PBXFileReference; lastKnownFileType = sourcecode.swift; path = FilterCollectionViewCell.swift; sourceTree = "<group>"; };
		BCC8762A1FA779DA00498755 /* FilterDropper.app */ = {isa = PBXFileReference; explicitFileType = wrapper.application; includeInIndex = 0; path = FilterDropper.app; sourceTree = BUILT_PRODUCTS_DIR; };
		BCC8762D1FA779DA00498755 /* AppDelegate.swift */ = {isa = PBXFileReference; lastKnownFileType = sourcecode.swift; path = AppDelegate.swift; sourceTree = "<group>"; };
		BCC8762F1FA779DA00498755 /* ViewController.swift */ = {isa = PBXFileReference; lastKnownFileType = sourcecode.swift; path = ViewController.swift; sourceTree = "<group>"; };
		BCC876321FA779DA00498755 /* Base */ = {isa = PBXFileReference; lastKnownFileType = file.storyboard; name = Base; path = Base.lproj/Main.storyboard; sourceTree = "<group>"; };
		BCC876341FA779DA00498755 /* Assets.xcassets */ = {isa = PBXFileReference; lastKnownFileType = folder.assetcatalog; path = Assets.xcassets; sourceTree = "<group>"; };
		BCC876371FA779DA00498755 /* Base */ = {isa = PBXFileReference; lastKnownFileType = file.storyboard; name = Base; path = Base.lproj/LaunchScreen.storyboard; sourceTree = "<group>"; };
		BCC876391FA779DA00498755 /* Info.plist */ = {isa = PBXFileReference; lastKnownFileType = text.plist.xml; path = Info.plist; sourceTree = "<group>"; };
/* End PBXFileReference section */

/* Begin PBXFrameworksBuildPhase section */
		BCC876271FA779DA00498755 /* Frameworks */ = {
			isa = PBXFrameworksBuildPhase;
			buildActionMask = 2147483647;
			files = (
			);
			runOnlyForDeploymentPostprocessing = 0;
		};
/* End PBXFrameworksBuildPhase section */

/* Begin PBXGroup section */
		BC89A0CF1FA77DD500C5E3EC /* Views */ = {
			isa = PBXGroup;
			children = (
				BC89A0D21FA77F0000C5E3EC /* CollectionViewCells */,
			);
			path = Views;
			sourceTree = "<group>";
		};
		BC89A0D01FA77DE400C5E3EC /* ViewControllers */ = {
			isa = PBXGroup;
			children = (
				BCC8762F1FA779DA00498755 /* ViewController.swift */,
			);
			path = ViewControllers;
			sourceTree = "<group>";
		};
		BC89A0D11FA77E0100C5E3EC /* UserInterfaces */ = {
			isa = PBXGroup;
			children = (
				BCC876311FA779DA00498755 /* Main.storyboard */,
				BCC876361FA779DA00498755 /* LaunchScreen.storyboard */,
			);
			path = UserInterfaces;
			sourceTree = "<group>";
		};
		BC89A0D21FA77F0000C5E3EC /* CollectionViewCells */ = {
			isa = PBXGroup;
			children = (
				BC89A0D31FA77F3200C5E3EC /* ResultImageCollectionViewCell.swift */,
				BC89A0D51FA77F3D00C5E3EC /* FilterCollectionViewCell.swift */,
			);
			path = CollectionViewCells;
			sourceTree = "<group>";
		};
		BCC876211FA779DA00498755 = {
			isa = PBXGroup;
			children = (
				BCC8762C1FA779DA00498755 /* FilterDropper */,
				BCC8762B1FA779DA00498755 /* Products */,
			);
			sourceTree = "<group>";
		};
		BCC8762B1FA779DA00498755 /* Products */ = {
			isa = PBXGroup;
			children = (
				BCC8762A1FA779DA00498755 /* FilterDropper.app */,
			);
			name = Products;
			sourceTree = "<group>";
		};
		BCC8762C1FA779DA00498755 /* FilterDropper */ = {
			isa = PBXGroup;
			children = (
				BC89A0D11FA77E0100C5E3EC /* UserInterfaces */,
				BC89A0D01FA77DE400C5E3EC /* ViewControllers */,
				BC89A0CF1FA77DD500C5E3EC /* Views */,
				BCC8762D1FA779DA00498755 /* AppDelegate.swift */,
				BCC876341FA779DA00498755 /* Assets.xcassets */,
				BCC876391FA779DA00498755 /* Info.plist */,
			);
			path = FilterDropper;
			sourceTree = "<group>";
		};
/* End PBXGroup section */

/* Begin PBXNativeTarget section */
		BCC876291FA779DA00498755 /* FilterDropper */ = {
			isa = PBXNativeTarget;
			buildConfigurationList = BCC8763C1FA779DA00498755 /* Build configuration list for PBXNativeTarget "FilterDropper" */;
			buildPhases = (
				BCC876261FA779DA00498755 /* Sources */,
				BCC876271FA779DA00498755 /* Frameworks */,
				BCC876281FA779DA00498755 /* Resources */,
			);
			buildRules = (
			);
			dependencies = (
			);
			name = FilterDropper;
			productName = FilterDropper;
			productReference = BCC8762A1FA779DA00498755 /* FilterDropper.app */;
			productType = "com.apple.product-type.application";
		};
/* End PBXNativeTarget section */

/* Begin PBXProject section */
		BCC876221FA779DA00498755 /* Project object */ = {
			isa = PBXProject;
			attributes = {
				LastSwiftUpdateCheck = 0900;
				LastUpgradeCheck = 0900;
				ORGANIZATIONNAME = "Joshua Sullivan";
				TargetAttributes = {
					BCC876291FA779DA00498755 = {
						CreatedOnToolsVersion = 9.0.1;
						ProvisioningStyle = Automatic;
					};
				};
			};
			buildConfigurationList = BCC876251FA779DA00498755 /* Build configuration list for PBXProject "FilterDropper" */;
			compatibilityVersion = "Xcode 8.0";
			developmentRegion = en;
			hasScannedForEncodings = 0;
			knownRegions = (
				en,
				Base,
			);
			mainGroup = BCC876211FA779DA00498755;
			productRefGroup = BCC8762B1FA779DA00498755 /* Products */;
			projectDirPath = "";
			projectRoot = "";
			targets = (
				BCC876291FA779DA00498755 /* FilterDropper */,
			);
		};
/* End PBXProject section */

/* Begin PBXResourcesBuildPhase section */
		BCC876281FA779DA00498755 /* Resources */ = {
			isa = PBXResourcesBuildPhase;
			buildActionMask = 2147483647;
			files = (
				BCC876381FA779DA00498755 /* LaunchScreen.storyboard in Resources */,
				BCC876351FA779DA00498755 /* Assets.xcassets in Resources */,
				BCC876331FA779DA00498755 /* Main.storyboard in Resources */,
			);
			runOnlyForDeploymentPostprocessing = 0;
		};
/* End PBXResourcesBuildPhase section */

/* Begin PBXSourcesBuildPhase section */
		BCC876261FA779DA00498755 /* Sources */ = {
			isa = PBXSourcesBuildPhase;
			buildActionMask = 2147483647;
			files = (
				BC89A0D41FA77F3200C5E3EC /* ResultImageCollectionViewCell.swift in Sources */,
				BCC876301FA779DA00498755 /* ViewController.swift in Sources */,
				BC89A0D61FA77F3D00C5E3EC /* FilterCollectionViewCell.swift in Sources */,
				BCC8762E1FA779DA00498755 /* AppDelegate.swift in Sources */,
			);
			runOnlyForDeploymentPostprocessing = 0;
		};
/* End PBXSourcesBuildPhase section */

/* Begin PBXVariantGroup section */
		BCC876311FA779DA00498755 /* Main.storyboard */ = {
			isa = PBXVariantGroup;
			children = (
				BCC876321FA779DA00498755 /* Base */,
			);
			name = Main.storyboard;
			sourceTree = "<group>";
		};
		BCC876361FA779DA00498755 /* LaunchScreen.storyboard */ = {
			isa = PBXVariantGroup;
			children = (
				BCC876371FA779DA00498755 /* Base */,
			);
			name = LaunchScreen.storyboard;
			sourceTree = "<group>";
		};
/* End PBXVariantGroup section */

/* Begin XCBuildConfiguration section */
		BCC8763A1FA779DA00498755 /* Debug */ = {
			isa = XCBuildConfiguration;
			buildSettings = {
				ALWAYS_SEARCH_USER_PATHS = NO;
				CLANG_ANALYZER_NONNULL = YES;
				CLANG_ANALYZER_NUMBER_OBJECT_CONVERSION = YES_AGGRESSIVE;
				CLANG_CXX_LANGUAGE_STANDARD = "gnu++14";
				CLANG_CXX_LIBRARY = "libc++";
				CLANG_ENABLE_MODULES = YES;
				CLANG_ENABLE_OBJC_ARC = YES;
				CLANG_WARN_BLOCK_CAPTURE_AUTORELEASING = YES;
				CLANG_WARN_BOOL_CONVERSION = YES;
				CLANG_WARN_COMMA = YES;
				CLANG_WARN_CONSTANT_CONVERSION = YES;
				CLANG_WARN_DIRECT_OBJC_ISA_USAGE = YES_ERROR;
				CLANG_WARN_DOCUMENTATION_COMMENTS = YES;
				CLANG_WARN_EMPTY_BODY = YES;
				CLANG_WARN_ENUM_CONVERSION = YES;
				CLANG_WARN_INFINITE_RECURSION = YES;
				CLANG_WARN_INT_CONVERSION = YES;
				CLANG_WARN_NON_LITERAL_NULL_CONVERSION = YES;
				CLANG_WARN_OBJC_LITERAL_CONVERSION = YES;
				CLANG_WARN_OBJC_ROOT_CLASS = YES_ERROR;
				CLANG_WARN_RANGE_LOOP_ANALYSIS = YES;
				CLANG_WARN_STRICT_PROTOTYPES = YES;
				CLANG_WARN_SUSPICIOUS_MOVE = YES;
				CLANG_WARN_UNGUARDED_AVAILABILITY = YES_AGGRESSIVE;
				CLANG_WARN_UNREACHABLE_CODE = YES;
				CLANG_WARN__DUPLICATE_METHOD_MATCH = YES;
				CODE_SIGN_IDENTITY = "iPhone Developer";
				COPY_PHASE_STRIP = NO;
				DEBUG_INFORMATION_FORMAT = dwarf;
				ENABLE_STRICT_OBJC_MSGSEND = YES;
				ENABLE_TESTABILITY = YES;
				GCC_C_LANGUAGE_STANDARD = gnu11;
				GCC_DYNAMIC_NO_PIC = NO;
				GCC_NO_COMMON_BLOCKS = YES;
				GCC_OPTIMIZATION_LEVEL = 0;
				GCC_PREPROCESSOR_DEFINITIONS = (
					"DEBUG=1",
					"$(inherited)",
				);
				GCC_WARN_64_TO_32_BIT_CONVERSION = YES;
				GCC_WARN_ABOUT_RETURN_TYPE = YES_ERROR;
				GCC_WARN_UNDECLARED_SELECTOR = YES;
				GCC_WARN_UNINITIALIZED_AUTOS = YES_AGGRESSIVE;
				GCC_WARN_UNUSED_FUNCTION = YES;
				GCC_WARN_UNUSED_VARIABLE = YES;
				IPHONEOS_DEPLOYMENT_TARGET = 11.0;
				MTL_ENABLE_DEBUG_INFO = YES;
				ONLY_ACTIVE_ARCH = YES;
				SDKROOT = iphoneos;
				SWIFT_ACTIVE_COMPILATION_CONDITIONS = DEBUG;
				SWIFT_OPTIMIZATION_LEVEL = "-Onone";
			};
			name = Debug;
		};
		BCC8763B1FA779DA00498755 /* Release */ = {
			isa = XCBuildConfiguration;
			buildSettings = {
				ALWAYS_SEARCH_USER_PATHS = NO;
				CLANG_ANALYZER_NONNULL = YES;
				CLANG_ANALYZER_NUMBER_OBJECT_CONVERSION = YES_AGGRESSIVE;
				CLANG_CXX_LANGUAGE_STANDARD = "gnu++14";
				CLANG_CXX_LIBRARY = "libc++";
				CLANG_ENABLE_MODULES = YES;
				CLANG_ENABLE_OBJC_ARC = YES;
				CLANG_WARN_BLOCK_CAPTURE_AUTORELEASING = YES;
				CLANG_WARN_BOOL_CONVERSION = YES;
				CLANG_WARN_COMMA = YES;
				CLANG_WARN_CONSTANT_CONVERSION = YES;
				CLANG_WARN_DIRECT_OBJC_ISA_USAGE = YES_ERROR;
				CLANG_WARN_DOCUMENTATION_COMMENTS = YES;
				CLANG_WARN_EMPTY_BODY = YES;
				CLANG_WARN_ENUM_CONVERSION = YES;
				CLANG_WARN_INFINITE_RECURSION = YES;
				CLANG_WARN_INT_CONVERSION = YES;
				CLANG_WARN_NON_LITERAL_NULL_CONVERSION = YES;
				CLANG_WARN_OBJC_LITERAL_CONVERSION = YES;
				CLANG_WARN_OBJC_ROOT_CLASS = YES_ERROR;
				CLANG_WARN_RANGE_LOOP_ANALYSIS = YES;
				CLANG_WARN_STRICT_PROTOTYPES = YES;
				CLANG_WARN_SUSPICIOUS_MOVE = YES;
				CLANG_WARN_UNGUARDED_AVAILABILITY = YES_AGGRESSIVE;
				CLANG_WARN_UNREACHABLE_CODE = YES;
				CLANG_WARN__DUPLICATE_METHOD_MATCH = YES;
				CODE_SIGN_IDENTITY = "iPhone Developer";
				COPY_PHASE_STRIP = NO;
				DEBUG_INFORMATION_FORMAT = "dwarf-with-dsym";
				ENABLE_NS_ASSERTIONS = NO;
				ENABLE_STRICT_OBJC_MSGSEND = YES;
				GCC_C_LANGUAGE_STANDARD = gnu11;
				GCC_NO_COMMON_BLOCKS = YES;
				GCC_WARN_64_TO_32_BIT_CONVERSION = YES;
				GCC_WARN_ABOUT_RETURN_TYPE = YES_ERROR;
				GCC_WARN_UNDECLARED_SELECTOR = YES;
				GCC_WARN_UNINITIALIZED_AUTOS = YES_AGGRESSIVE;
				GCC_WARN_UNUSED_FUNCTION = YES;
				GCC_WARN_UNUSED_VARIABLE = YES;
				IPHONEOS_DEPLOYMENT_TARGET = 11.0;
				MTL_ENABLE_DEBUG_INFO = NO;
				SDKROOT = iphoneos;
				SWIFT_OPTIMIZATION_LEVEL = "-Owholemodule";
				VALIDATE_PRODUCT = YES;
			};
			name = Release;
		};
		BCC8763D1FA779DA00498755 /* Debug */ = {
			isa = XCBuildConfiguration;
			buildSettings = {
				ASSETCATALOG_COMPILER_APPICON_NAME = AppIcon;
				CODE_SIGN_STYLE = Automatic;
				DEVELOPMENT_TEAM = 6VVBUBU9QC;
				INFOPLIST_FILE = FilterDropper/Info.plist;
				LD_RUNPATH_SEARCH_PATHS = "$(inherited) @executable_path/Frameworks";
				PRODUCT_BUNDLE_IDENTIFIER = com.nerdery.ios.FilterDropper;
				PRODUCT_NAME = "$(TARGET_NAME)";
				SWIFT_VERSION = 4.0;
				TARGETED_DEVICE_FAMILY = 2;
			};
			name = Debug;
		};
		BCC8763E1FA779DA00498755 /* Release */ = {
			isa = XCBuildConfiguration;
			buildSettings = {
				ASSETCATALOG_COMPILER_APPICON_NAME = AppIcon;
				CODE_SIGN_STYLE = Automatic;
				DEVELOPMENT_TEAM = 6VVBUBU9QC;
				INFOPLIST_FILE = FilterDropper/Info.plist;
				LD_RUNPATH_SEARCH_PATHS = "$(inherited) @executable_path/Frameworks";
				PRODUCT_BUNDLE_IDENTIFIER = com.nerdery.ios.FilterDropper;
				PRODUCT_NAME = "$(TARGET_NAME)";
				SWIFT_VERSION = 4.0;
				TARGETED_DEVICE_FAMILY = 2;
			};
			name = Release;
		};
/* End XCBuildConfiguration section */

/* Begin XCConfigurationList section */
		BCC876251FA779DA00498755 /* Build configuration list for PBXProject "FilterDropper" */ = {
			isa = XCConfigurationList;
			buildConfigurations = (
				BCC8763A1FA779DA00498755 /* Debug */,
				BCC8763B1FA779DA00498755 /* Release */,
			);
			defaultConfigurationIsVisible = 0;
			defaultConfigurationName = Release;
		};
		BCC8763C1FA779DA00498755 /* Build configuration list for PBXNativeTarget "FilterDropper" */ = {
			isa = XCConfigurationList;
			buildConfigurations = (
				BCC8763D1FA779DA00498755 /* Debug */,
				BCC8763E1FA779DA00498755 /* Release */,
			);
			defaultConfigurationIsVisible = 0;
			defaultConfigurationName = Release;
		};
/* End XCConfigurationList section */
	};
	rootObject = BCC876221FA779DA00498755 /* Project object */;
}
